
Microsoft Visual Studio Solution File, Format Version 12.00
# Visual Studio Version 16
VisualStudioVersion = 16.0.31410.357
MinimumVisualStudioVersion = 10.0.40219.1
Project("{FAE04EC0-301F-11D3-BF4B-00C04F79EFBC}") = "sampleCall", "sampleCall\sampleCall.csproj", "{3197E773-94FA-47C5-A0BC-EB1364F925B1}"
EndProject
Project("{FAE04EC0-301F-11D3-BF4B-00C04F79EFBC}") = "E-Sign", "E-Sign\E-Sign.csproj", "{658D25DB-6AE5-4721-95CC-D56D89E4D7CA}"
EndProject
Global
	GlobalSection(SolutionConfigurationPlatforms) = preSolution
		Debug|Any CPU = Debug|Any CPU
		Release|Any CPU = Release|Any CPU
	EndGlobalSection
	GlobalSection(ProjectConfigurationPlatforms) = postSolution
		{3197E773-94FA-47C5-A0BC-EB1364F925B1}.Debug|Any CPU.ActiveCfg = Debug|Any CPU
		{3197E773-94FA-47C5-A0BC-EB1364F925B1}.Debug|Any CPU.Build.0 = Debug|Any CPU
		{3197E773-94FA-47C5-A0BC-EB1364F925B1}.Release|Any CPU.ActiveCfg = Release|Any CPU
		{3197E773-94FA-47C5-A0BC-EB1364F925B1}.Release|Any CPU.Build.0 = Release|Any CPU
		{658D25DB-6AE5-4721-95CC-D56D89E4D7CA}.Debug|Any CPU.ActiveCfg = Debug|Any CPU
		{658D25DB-6AE5-4721-95CC-D56D89E4D7CA}.Debug|Any CPU.Build.0 = Debug|Any CPU
		{658D25DB-6AE5-4721-95CC-D56D89E4D7CA}.Release|Any CPU.ActiveCfg = Release|Any CPU
		{658D25DB-6AE5-4721-95CC-D56D89E4D7CA}.Release|Any CPU.Build.0 = Release|Any CPU
	EndGlobalSection
	GlobalSection(SolutionProperties) = preSolution
		HideSolutionNode = FALSE
	EndGlobalSection
	GlobalSection(ExtensibilityGlobals) = postSolution
		SolutionGuid = {1EAA53C6-67FA-4AA9-A373-DBEB8DF91B99}
	EndGlobalSection
EndGlobal
